
Microsoft Visual Studio Solution File, Format Version 12.00
# Visual Studio Version 17
VisualStudioVersion = 17.4.33213.308
MinimumVisualStudioVersion = 10.0.40219.1
Project("{FAE04EC0-301F-11D3-BF4B-00C04F79EFBC}") = "SpellingBeeApi", "SpellingBeeApi\SpellingBeeApi.csproj", "{0B25F00A-7A23-4C9E-AB90-848B8437739F}"
EndProject
Project("{FAE04EC0-301F-11D3-BF4B-00C04F79EFBC}") = "FormUI", "FormUI\FormUI.csproj", "{3D59AD45-91B8-4EC3-BFAF-8BEEC077A9D3}"
EndProject
Project("{FAE04EC0-301F-11D3-BF4B-00C04F79EFBC}") = "DataAccessLibrary", "DataAccessLibrary\DataAccessLibrary.csproj", "{2789F0B2-3E41-4EED-8570-3A6BA69A01F0}"
EndProject
Global
	GlobalSection(SolutionConfigurationPlatforms) = preSolution
		Debug|Any CPU = Debug|Any CPU
		Release|Any CPU = Release|Any CPU
	EndGlobalSection
	GlobalSection(ProjectConfigurationPlatforms) = postSolution
		{0B25F00A-7A23-4C9E-AB90-848B8437739F}.Debug|Any CPU.ActiveCfg = Debug|Any CPU
		{0B25F00A-7A23-4C9E-AB90-848B8437739F}.Debug|Any CPU.Build.0 = Debug|Any CPU
		{0B25F00A-7A23-4C9E-AB90-848B8437739F}.Release|Any CPU.ActiveCfg = Release|Any CPU
		{0B25F00A-7A23-4C9E-AB90-848B8437739F}.Release|Any CPU.Build.0 = Release|Any CPU
		{3D59AD45-91B8-4EC3-BFAF-8BEEC077A9D3}.Debug|Any CPU.ActiveCfg = Debug|Any CPU
		{3D59AD45-91B8-4EC3-BFAF-8BEEC077A9D3}.Debug|Any CPU.Build.0 = Debug|Any CPU
		{3D59AD45-91B8-4EC3-BFAF-8BEEC077A9D3}.Release|Any CPU.ActiveCfg = Release|Any CPU
		{3D59AD45-91B8-4EC3-BFAF-8BEEC077A9D3}.Release|Any CPU.Build.0 = Release|Any CPU
		{2789F0B2-3E41-4EED-8570-3A6BA69A01F0}.Debug|Any CPU.ActiveCfg = Debug|Any CPU
		{2789F0B2-3E41-4EED-8570-3A6BA69A01F0}.Debug|Any CPU.Build.0 = Debug|Any CPU
		{2789F0B2-3E41-4EED-8570-3A6BA69A01F0}.Release|Any CPU.ActiveCfg = Release|Any CPU
		{2789F0B2-3E41-4EED-8570-3A6BA69A01F0}.Release|Any CPU.Build.0 = Release|Any CPU
	EndGlobalSection
	GlobalSection(SolutionProperties) = preSolution
		HideSolutionNode = FALSE
	EndGlobalSection
	GlobalSection(ExtensibilityGlobals) = postSolution
		SolutionGuid = {2769F691-164E-4B38-A5B6-81C56305FB67}
	EndGlobalSection
EndGlobal
